
Microsoft Visual Studio Solution File, Format Version 12.00
# Visual Studio Version 17
VisualStudioVersion = 17.0.31903.59
MinimumVisualStudioVersion = 10.0.40219.1
Project("{FAE04EC0-301F-11D3-BF4B-00C04F79EFBC}") = "OfflineLabyrinth", "OfflineLabyrinth\OfflineLabyrinth.csproj", "{1C363549-EFEB-47B4-B1CE-7DA2530DFD6F}"
EndProject
Project("{FAE04EC0-301F-11D3-BF4B-00C04F79EFBC}") = "OfflineLabyrinth.Tests", "OfflineLabyrinth.Tests\OfflineLabyrinth.Tests.csproj", "{8267CB49-3580-4BEC-BB70-8B8D6DF1481E}"
EndProject
Global
	GlobalSection(SolutionConfigurationPlatforms) = preSolution
		Debug|Any CPU = Debug|Any CPU
		Release|Any CPU = Release|Any CPU
	EndGlobalSection
	GlobalSection(SolutionProperties) = preSolution
		HideSolutionNode = FALSE
	EndGlobalSection
	GlobalSection(ProjectConfigurationPlatforms) = postSolution
		{1C363549-EFEB-47B4-B1CE-7DA2530DFD6F}.Debug|Any CPU.ActiveCfg = Debug|Any CPU
		{1C363549-EFEB-47B4-B1CE-7DA2530DFD6F}.Debug|Any CPU.Build.0 = Debug|Any CPU
		{1C363549-EFEB-47B4-B1CE-7DA2530DFD6F}.Release|Any CPU.ActiveCfg = Release|Any CPU
               {1C363549-EFEB-47B4-B1CE-7DA2530DFD6F}.Release|Any CPU.Build.0 = Release|Any CPU
               {8267CB49-3580-4BEC-BB70-8B8D6DF1481E}.Debug|Any CPU.ActiveCfg = Debug|Any CPU
               {8267CB49-3580-4BEC-BB70-8B8D6DF1481E}.Debug|Any CPU.Build.0 = Debug|Any CPU
               {8267CB49-3580-4BEC-BB70-8B8D6DF1481E}.Release|Any CPU.ActiveCfg = Release|Any CPU
               {8267CB49-3580-4BEC-BB70-8B8D6DF1481E}.Release|Any CPU.Build.0 = Release|Any CPU
       EndGlobalSection
EndGlobal
